// !$*UTF8*$!
{
	archiveVersion = 1;
	classes = {
	};
	objectVersion = 56;
	objects = {

/* Begin PBXBuildFile section */
		94F055672AD2FE2B00E2400F /* AppDelegate.swift in Sources */ = {isa = PBXBuildFile; fileRef = 94F055662AD2FE2B00E2400F /* AppDelegate.swift */; };
		94F055692AD2FE2B00E2400F /* SceneDelegate.swift in Sources */ = {isa = PBXBuildFile; fileRef = 94F055682AD2FE2B00E2400F /* SceneDelegate.swift */; };
		94F0556B2AD2FE2B00E2400F /* ViewController.swift in Sources */ = {isa = PBXBuildFile; fileRef = 94F0556A2AD2FE2B00E2400F /* ViewController.swift */; };
		94F0556E2AD2FE2B00E2400F /* Main.storyboard in Resources */ = {isa = PBXBuildFile; fileRef = 94F0556C2AD2FE2B00E2400F /* Main.storyboard */; };
		94F055702AD2FE2C00E2400F /* Assets.xcassets in Resources */ = {isa = PBXBuildFile; fileRef = 94F0556F2AD2FE2C00E2400F /* Assets.xcassets */; };
		94F055732AD2FE2C00E2400F /* LaunchScreen.storyboard in Resources */ = {isa = PBXBuildFile; fileRef = 94F055712AD2FE2C00E2400F /* LaunchScreen.storyboard */; };
		94F055812AD307BD00E2400F /* NMExpandableTextView.swift in Sources */ = {isa = PBXBuildFile; fileRef = 94F055802AD307BD00E2400F /* NMExpandableTextView.swift */; };
		94F055832AD307D200E2400F /* NMExpandableTextViewUtils.swift in Sources */ = {isa = PBXBuildFile; fileRef = 94F055822AD307D200E2400F /* NMExpandableTextViewUtils.swift */; };
/* End PBXBuildFile section */

/* Begin PBXFileReference section */
		94F055632AD2FE2B00E2400F /* NMExpandableTextView.app */ = {isa = PBXFileReference; explicitFileType = wrapper.application; includeInIndex = 0; path = NMExpandableTextView.app; sourceTree = BUILT_PRODUCTS_DIR; };
		94F055662AD2FE2B00E2400F /* AppDelegate.swift */ = {isa = PBXFileReference; lastKnownFileType = sourcecode.swift; path = AppDelegate.swift; sourceTree = "<group>"; };
		94F055682AD2FE2B00E2400F /* SceneDelegate.swift */ = {isa = PBXFileReference; lastKnownFileType = sourcecode.swift; path = SceneDelegate.swift; sourceTree = "<group>"; };
		94F0556A2AD2FE2B00E2400F /* ViewController.swift */ = {isa = PBXFileReference; lastKnownFileType = sourcecode.swift; path = ViewController.swift; sourceTree = "<group>"; };
		94F0556D2AD2FE2B00E2400F /* Base */ = {isa = PBXFileReference; lastKnownFileType = file.storyboard; name = Base; path = Base.lproj/Main.storyboard; sourceTree = "<group>"; };
		94F0556F2AD2FE2C00E2400F /* Assets.xcassets */ = {isa = PBXFileReference; lastKnownFileType = folder.assetcatalog; path = Assets.xcassets; sourceTree = "<group>"; };
		94F055722AD2FE2C00E2400F /* Base */ = {isa = PBXFileReference; lastKnownFileType = file.storyboard; name = Base; path = Base.lproj/LaunchScreen.storyboard; sourceTree = "<group>"; };
		94F055742AD2FE2C00E2400F /* Info.plist */ = {isa = PBXFileReference; lastKnownFileType = text.plist.xml; path = Info.plist; sourceTree = "<group>"; };
		94F055802AD307BD00E2400F /* NMExpandableTextView.swift */ = {isa = PBXFileReference; lastKnownFileType = sourcecode.swift; path = NMExpandableTextView.swift; sourceTree = "<group>"; };
		94F055822AD307D200E2400F /* NMExpandableTextViewUtils.swift */ = {isa = PBXFileReference; lastKnownFileType = sourcecode.swift; path = NMExpandableTextViewUtils.swift; sourceTree = "<group>"; };
/* End PBXFileReference section */

/* Begin PBXFrameworksBuildPhase section */
		94F055602AD2FE2B00E2400F /* Frameworks */ = {
			isa = PBXFrameworksBuildPhase;
			buildActionMask = 2147483647;
			files = (
			);
			runOnlyForDeploymentPostprocessing = 0;
		};
/* End PBXFrameworksBuildPhase section */

/* Begin PBXGroup section */
		94F0555A2AD2FE2B00E2400F = {
			isa = PBXGroup;
			children = (
				94F055652AD2FE2B00E2400F /* NMExpandableTextView */,
				94F055642AD2FE2B00E2400F /* Products */,
			);
			sourceTree = "<group>";
		};
		94F055642AD2FE2B00E2400F /* Products */ = {
			isa = PBXGroup;
			children = (
				94F055632AD2FE2B00E2400F /* NMExpandableTextView.app */,
			);
			name = Products;
			sourceTree = "<group>";
		};
		94F055652AD2FE2B00E2400F /* NMExpandableTextView */ = {
			isa = PBXGroup;
			children = (
				94F0557F2AD307A500E2400F /* Sources */,
				94F055662AD2FE2B00E2400F /* AppDelegate.swift */,
				94F055682AD2FE2B00E2400F /* SceneDelegate.swift */,
				94F0556A2AD2FE2B00E2400F /* ViewController.swift */,
				94F0556C2AD2FE2B00E2400F /* Main.storyboard */,
				94F0556F2AD2FE2C00E2400F /* Assets.xcassets */,
				94F055712AD2FE2C00E2400F /* LaunchScreen.storyboard */,
				94F055742AD2FE2C00E2400F /* Info.plist */,
			);
			path = NMExpandableTextView;
			sourceTree = "<group>";
		};
		94F0557F2AD307A500E2400F /* Sources */ = {
			isa = PBXGroup;
			children = (
				94F055802AD307BD00E2400F /* NMExpandableTextView.swift */,
				94F055822AD307D200E2400F /* NMExpandableTextViewUtils.swift */,
			);
			path = Sources;
			sourceTree = "<group>";
		};
/* End PBXGroup section */

/* Begin PBXNativeTarget section */
		94F055622AD2FE2B00E2400F /* NMExpandableTextView */ = {
			isa = PBXNativeTarget;
			buildConfigurationList = 94F055772AD2FE2C00E2400F /* Build configuration list for PBXNativeTarget "NMExpandableTextView" */;
			buildPhases = (
				94F0555F2AD2FE2B00E2400F /* Sources */,
				94F055602AD2FE2B00E2400F /* Frameworks */,
				94F055612AD2FE2B00E2400F /* Resources */,
			);
			buildRules = (
			);
			dependencies = (
			);
			name = NMExpandableTextView;
			productName = NMExpandableTextView;
			productReference = 94F055632AD2FE2B00E2400F /* NMExpandableTextView.app */;
			productType = "com.apple.product-type.application";
		};
/* End PBXNativeTarget section */

/* Begin PBXProject section */
		94F0555B2AD2FE2B00E2400F /* Project object */ = {
			isa = PBXProject;
			attributes = {
				BuildIndependentTargetsInParallel = 1;
				LastSwiftUpdateCheck = 1410;
				LastUpgradeCheck = 1410;
				TargetAttributes = {
					94F055622AD2FE2B00E2400F = {
						CreatedOnToolsVersion = 14.1;
					};
				};
			};
			buildConfigurationList = 94F0555E2AD2FE2B00E2400F /* Build configuration list for PBXProject "NMExpandableTextView" */;
			compatibilityVersion = "Xcode 14.0";
			developmentRegion = en;
			hasScannedForEncodings = 0;
			knownRegions = (
				en,
				Base,
			);
			mainGroup = 94F0555A2AD2FE2B00E2400F;
			productRefGroup = 94F055642AD2FE2B00E2400F /* Products */;
			projectDirPath = "";
			projectRoot = "";
			targets = (
				94F055622AD2FE2B00E2400F /* NMExpandableTextView */,
			);
		};
/* End PBXProject section */

/* Begin PBXResourcesBuildPhase section */
		94F055612AD2FE2B00E2400F /* Resources */ = {
			isa = PBXResourcesBuildPhase;
			buildActionMask = 2147483647;
			files = (
				94F055732AD2FE2C00E2400F /* LaunchScreen.storyboard in Resources */,
				94F055702AD2FE2C00E2400F /* Assets.xcassets in Resources */,
				94F0556E2AD2FE2B00E2400F /* Main.storyboard in Resources */,
			);
			runOnlyForDeploymentPostprocessing = 0;
		};
/* End PBXResourcesBuildPhase section */

/* Begin PBXSourcesBuildPhase section */
		94F0555F2AD2FE2B00E2400F /* Sources */ = {
			isa = PBXSourcesBuildPhase;
			buildActionMask = 2147483647;
			files = (
				94F055812AD307BD00E2400F /* NMExpandableTextView.swift in Sources */,
				94F0556B2AD2FE2B00E2400F /* ViewController.swift in Sources */,
				94F055672AD2FE2B00E2400F /* AppDelegate.swift in Sources */,
				94F055692AD2FE2B00E2400F /* SceneDelegate.swift in Sources */,
				94F055832AD307D200E2400F /* NMExpandableTextViewUtils.swift in Sources */,
			);
			runOnlyForDeploymentPostprocessing = 0;
		};
/* End PBXSourcesBuildPhase section */

/* Begin PBXVariantGroup section */
		94F0556C2AD2FE2B00E2400F /* Main.storyboard */ = {
			isa = PBXVariantGroup;
			children = (
				94F0556D2AD2FE2B00E2400F /* Base */,
			);
			name = Main.storyboard;
			sourceTree = "<group>";
		};
		94F055712AD2FE2C00E2400F /* LaunchScreen.storyboard */ = {
			isa = PBXVariantGroup;
			children = (
				94F055722AD2FE2C00E2400F /* Base */,
			);
			name = LaunchScreen.storyboard;
			sourceTree = "<group>";
		};
/* End PBXVariantGroup section */

/* Begin XCBuildConfiguration section */
		94F055752AD2FE2C00E2400F /* Debug */ = {
			isa = XCBuildConfiguration;
			buildSettings = {
				ALWAYS_SEARCH_USER_PATHS = NO;
				CLANG_ANALYZER_NONNULL = YES;
				CLANG_ANALYZER_NUMBER_OBJECT_CONVERSION = YES_AGGRESSIVE;
				CLANG_CXX_LANGUAGE_STANDARD = "gnu++20";
				CLANG_ENABLE_MODULES = YES;
				CLANG_ENABLE_OBJC_ARC = YES;
				CLANG_ENABLE_OBJC_WEAK = YES;
				CLANG_WARN_BLOCK_CAPTURE_AUTORELEASING = YES;
				CLANG_WARN_BOOL_CONVERSION = YES;
				CLANG_WARN_COMMA = YES;
				CLANG_WARN_CONSTANT_CONVERSION = YES;
				CLANG_WARN_DEPRECATED_OBJC_IMPLEMENTATIONS = YES;
				CLANG_WARN_DIRECT_OBJC_ISA_USAGE = YES_ERROR;
				CLANG_WARN_DOCUMENTATION_COMMENTS = YES;
				CLANG_WARN_EMPTY_BODY = YES;
				CLANG_WARN_ENUM_CONVERSION = YES;
				CLANG_WARN_INFINITE_RECURSION = YES;
				CLANG_WARN_INT_CONVERSION = YES;
				CLANG_WARN_NON_LITERAL_NULL_CONVERSION = YES;
				CLANG_WARN_OBJC_IMPLICIT_RETAIN_SELF = YES;
				CLANG_WARN_OBJC_LITERAL_CONVERSION = YES;
				CLANG_WARN_OBJC_ROOT_CLASS = YES_ERROR;
				CLANG_WARN_QUOTED_INCLUDE_IN_FRAMEWORK_HEADER = YES;
				CLANG_WARN_RANGE_LOOP_ANALYSIS = YES;
				CLANG_WARN_STRICT_PROTOTYPES = YES;
				CLANG_WARN_SUSPICIOUS_MOVE = YES;
				CLANG_WARN_UNGUARDED_AVAILABILITY = YES_AGGRESSIVE;
				CLANG_WARN_UNREACHABLE_CODE = YES;
				CLANG_WARN__DUPLICATE_METHOD_MATCH = YES;
				COPY_PHASE_STRIP = NO;
				DEBUG_INFORMATION_FORMAT = dwarf;
				ENABLE_STRICT_OBJC_MSGSEND = YES;
				ENABLE_TESTABILITY = YES;
				GCC_C_LANGUAGE_STANDARD = gnu11;
				GCC_DYNAMIC_NO_PIC = NO;
				GCC_NO_COMMON_BLOCKS = YES;
				GCC_OPTIMIZATION_LEVEL = 0;
				GCC_PREPROCESSOR_DEFINITIONS = (
					"DEBUG=1",
					"$(inherited)",
				);
				GCC_WARN_64_TO_32_BIT_CONVERSION = YES;
				GCC_WARN_ABOUT_RETURN_TYPE = YES_ERROR;
				GCC_WARN_UNDECLARED_SELECTOR = YES;
				GCC_WARN_UNINITIALIZED_AUTOS = YES_AGGRESSIVE;
				GCC_WARN_UNUSED_FUNCTION = YES;
				GCC_WARN_UNUSED_VARIABLE = YES;
				IPHONEOS_DEPLOYMENT_TARGET = 16.1;
				MTL_ENABLE_DEBUG_INFO = INCLUDE_SOURCE;
				MTL_FAST_MATH = YES;
				ONLY_ACTIVE_ARCH = YES;
				SDKROOT = iphoneos;
				SWIFT_ACTIVE_COMPILATION_CONDITIONS = DEBUG;
				SWIFT_OPTIMIZATION_LEVEL = "-Onone";
			};
			name = Debug;
		};
		94F055762AD2FE2C00E2400F /* Release */ = {
			isa = XCBuildConfiguration;
			buildSettings = {
				ALWAYS_SEARCH_USER_PATHS = NO;
				CLANG_ANALYZER_NONNULL = YES;
				CLANG_ANALYZER_NUMBER_OBJECT_CONVERSION = YES_AGGRESSIVE;
				CLANG_CXX_LANGUAGE_STANDARD = "gnu++20";
				CLANG_ENABLE_MODULES = YES;
				CLANG_ENABLE_OBJC_ARC = YES;
				CLANG_ENABLE_OBJC_WEAK = YES;
				CLANG_WARN_BLOCK_CAPTURE_AUTORELEASING = YES;
				CLANG_WARN_BOOL_CONVERSION = YES;
				CLANG_WARN_COMMA = YES;
				CLANG_WARN_CONSTANT_CONVERSION = YES;
				CLANG_WARN_DEPRECATED_OBJC_IMPLEMENTATIONS = YES;
				CLANG_WARN_DIRECT_OBJC_ISA_USAGE = YES_ERROR;
				CLANG_WARN_DOCUMENTATION_COMMENTS = YES;
				CLANG_WARN_EMPTY_BODY = YES;
				CLANG_WARN_ENUM_CONVERSION = YES;
				CLANG_WARN_INFINITE_RECURSION = YES;
				CLANG_WARN_INT_CONVERSION = YES;
				CLANG_WARN_NON_LITERAL_NULL_CONVERSION = YES;
				CLANG_WARN_OBJC_IMPLICIT_RETAIN_SELF = YES;
				CLANG_WARN_OBJC_LITERAL_CONVERSION = YES;
				CLANG_WARN_OBJC_ROOT_CLASS = YES_ERROR;
				CLANG_WARN_QUOTED_INCLUDE_IN_FRAMEWORK_HEADER = YES;
				CLANG_WARN_RANGE_LOOP_ANALYSIS = YES;
				CLANG_WARN_STRICT_PROTOTYPES = YES;
				CLANG_WARN_SUSPICIOUS_MOVE = YES;
				CLANG_WARN_UNGUARDED_AVAILABILITY = YES_AGGRESSIVE;
				CLANG_WARN_UNREACHABLE_CODE = YES;
				CLANG_WARN__DUPLICATE_METHOD_MATCH = YES;
				COPY_PHASE_STRIP = NO;
				DEBUG_INFORMATION_FORMAT = "dwarf-with-dsym";
				ENABLE_NS_ASSERTIONS = NO;
				ENABLE_STRICT_OBJC_MSGSEND = YES;
				GCC_C_LANGUAGE_STANDARD = gnu11;
				GCC_NO_COMMON_BLOCKS = YES;
				GCC_WARN_64_TO_32_BIT_CONVERSION = YES;
				GCC_WARN_ABOUT_RETURN_TYPE = YES_ERROR;
				GCC_WARN_UNDECLARED_SELECTOR = YES;
				GCC_WARN_UNINITIALIZED_AUTOS = YES_AGGRESSIVE;
				GCC_WARN_UNUSED_FUNCTION = YES;
				GCC_WARN_UNUSED_VARIABLE = YES;
				IPHONEOS_DEPLOYMENT_TARGET = 16.1;
				MTL_ENABLE_DEBUG_INFO = NO;
				MTL_FAST_MATH = YES;
				SDKROOT = iphoneos;
				SWIFT_COMPILATION_MODE = wholemodule;
				SWIFT_OPTIMIZATION_LEVEL = "-O";
				VALIDATE_PRODUCT = YES;
			};
			name = Release;
		};
		94F055782AD2FE2C00E2400F /* Debug */ = {
			isa = XCBuildConfiguration;
			buildSettings = {
				ASSETCATALOG_COMPILER_APPICON_NAME = AppIcon;
				ASSETCATALOG_COMPILER_GLOBAL_ACCENT_COLOR_NAME = AccentColor;
				CODE_SIGN_STYLE = Automatic;
				CURRENT_PROJECT_VERSION = 1;
				GENERATE_INFOPLIST_FILE = YES;
				INFOPLIST_FILE = NMExpandableTextView/Info.plist;
				INFOPLIST_KEY_UIApplicationSupportsIndirectInputEvents = YES;
				INFOPLIST_KEY_UILaunchStoryboardName = LaunchScreen;
				INFOPLIST_KEY_UIMainStoryboardFile = Main;
				INFOPLIST_KEY_UISupportedInterfaceOrientations_iPad = "UIInterfaceOrientationPortrait UIInterfaceOrientationPortraitUpsideDown UIInterfaceOrientationLandscapeLeft UIInterfaceOrientationLandscapeRight";
				INFOPLIST_KEY_UISupportedInterfaceOrientations_iPhone = "UIInterfaceOrientationPortrait UIInterfaceOrientationLandscapeLeft UIInterfaceOrientationLandscapeRight";
				LD_RUNPATH_SEARCH_PATHS = (
					"$(inherited)",
					"@executable_path/Frameworks",
				);
				MARKETING_VERSION = 1.0;
				PRODUCT_BUNDLE_IDENTIFIER = RSL.NMExpandableTextView;
				PRODUCT_NAME = "$(TARGET_NAME)";
				SWIFT_EMIT_LOC_STRINGS = YES;
				SWIFT_VERSION = 5.0;
				TARGETED_DEVICE_FAMILY = "1,2";
			};
			name = Debug;
		};
		94F055792AD2FE2C00E2400F /* Release */ = {
			isa = XCBuildConfiguration;
			buildSettings = {
				ASSETCATALOG_COMPILER_APPICON_NAME = AppIcon;
				ASSETCATALOG_COMPILER_GLOBAL_ACCENT_COLOR_NAME = AccentColor;
				CODE_SIGN_STYLE = Automatic;
				CURRENT_PROJECT_VERSION = 1;
				GENERATE_INFOPLIST_FILE = YES;
				INFOPLIST_FILE = NMExpandableTextView/Info.plist;
				INFOPLIST_KEY_UIApplicationSupportsIndirectInputEvents = YES;
				INFOPLIST_KEY_UILaunchStoryboardName = LaunchScreen;
				INFOPLIST_KEY_UIMainStoryboardFile = Main;
				INFOPLIST_KEY_UISupportedInterfaceOrientations_iPad = "UIInterfaceOrientationPortrait UIInterfaceOrientationPortraitUpsideDown UIInterfaceOrientationLandscapeLeft UIInterfaceOrientationLandscapeRight";
				INFOPLIST_KEY_UISupportedInterfaceOrientations_iPhone = "UIInterfaceOrientationPortrait UIInterfaceOrientationLandscapeLeft UIInterfaceOrientationLandscapeRight";
				LD_RUNPATH_SEARCH_PATHS = (
					"$(inherited)",
					"@executable_path/Frameworks",
				);
				MARKETING_VERSION = 1.0;
				PRODUCT_BUNDLE_IDENTIFIER = RSL.NMExpandableTextView;
				PRODUCT_NAME = "$(TARGET_NAME)";
				SWIFT_EMIT_LOC_STRINGS = YES;
				SWIFT_VERSION = 5.0;
				TARGETED_DEVICE_FAMILY = "1,2";
			};
			name = Release;
		};
/* End XCBuildConfiguration section */

/* Begin XCConfigurationList section */
		94F0555E2AD2FE2B00E2400F /* Build configuration list for PBXProject "NMExpandableTextView" */ = {
			isa = XCConfigurationList;
			buildConfigurations = (
				94F055752AD2FE2C00E2400F /* Debug */,
				94F055762AD2FE2C00E2400F /* Release */,
			);
			defaultConfigurationIsVisible = 0;
			defaultConfigurationName = Release;
		};
		94F055772AD2FE2C00E2400F /* Build configuration list for PBXNativeTarget "NMExpandableTextView" */ = {
			isa = XCConfigurationList;
			buildConfigurations = (
				94F055782AD2FE2C00E2400F /* Debug */,
				94F055792AD2FE2C00E2400F /* Release */,
			);
			defaultConfigurationIsVisible = 0;
			defaultConfigurationName = Release;
		};
/* End XCConfigurationList section */
	};
	rootObject = 94F0555B2AD2FE2B00E2400F /* Project object */;
}
